
Microsoft Visual Studio Solution File, Format Version 12.00
# Visual Studio Version 17
VisualStudioVersion = 17.4.32916.344
MinimumVisualStudioVersion = 10.0.40219.1
Project("{FAE04EC0-301F-11D3-BF4B-00C04F79EFBC}") = "NTaking.UWP", "NTaking.UWP\NTaking.UWP.csproj", "{6CA0B3CA-D0E7-4F43-A3A0-1CB17A2ECAF3}"
EndProject
Project("{FAE04EC0-301F-11D3-BF4B-00C04F79EFBC}") = "NTaking.Android", "NTaking.Android\NTaking.Android.csproj", "{F5FB8D86-365B-4AD2-89F4-7636845DD91D}"
EndProject
Project("{FAE04EC0-301F-11D3-BF4B-00C04F79EFBC}") = "NTaking.iOS", "NTaking.iOS\NTaking.iOS.csproj", "{284E7F62-39B5-4360-9D1A-005EFAA9A29F}"
EndProject
Project("{9A19103F-16F7-4668-BE54-9A1E7A4F7556}") = "NTaking", "NTaking\NTaking.csproj", "{CF712CC5-0A9C-48BC-9CB1-196902046B9D}"
EndProject
Global
	GlobalSection(SolutionConfigurationPlatforms) = preSolution
		Debug|Any CPU = Debug|Any CPU
		Debug|ARM = Debug|ARM
		Debug|iPhone = Debug|iPhone
		Debug|iPhoneSimulator = Debug|iPhoneSimulator
		Debug|x64 = Debug|x64
		Debug|x86 = Debug|x86
		Release|Any CPU = Release|Any CPU
		Release|ARM = Release|ARM
		Release|iPhone = Release|iPhone
		Release|iPhoneSimulator = Release|iPhoneSimulator
		Release|x64 = Release|x64
		Release|x86 = Release|x86
	EndGlobalSection
	GlobalSection(ProjectConfigurationPlatforms) = postSolution
		{6CA0B3CA-D0E7-4F43-A3A0-1CB17A2ECAF3}.Debug|Any CPU.ActiveCfg = Debug|x64
		{6CA0B3CA-D0E7-4F43-A3A0-1CB17A2ECAF3}.Debug|ARM.ActiveCfg = Debug|ARM
		{6CA0B3CA-D0E7-4F43-A3A0-1CB17A2ECAF3}.Debug|ARM.Build.0 = Debug|ARM
		{6CA0B3CA-D0E7-4F43-A3A0-1CB17A2ECAF3}.Debug|ARM.Deploy.0 = Debug|ARM
		{6CA0B3CA-D0E7-4F43-A3A0-1CB17A2ECAF3}.Debug|iPhone.ActiveCfg = Debug|x64
		{6CA0B3CA-D0E7-4F43-A3A0-1CB17A2ECAF3}.Debug|iPhoneSimulator.ActiveCfg = Debug|x64
		{6CA0B3CA-D0E7-4F43-A3A0-1CB17A2ECAF3}.Debug|x64.ActiveCfg = Debug|x64
		{6CA0B3CA-D0E7-4F43-A3A0-1CB17A2ECAF3}.Debug|x64.Build.0 = Debug|x64
		{6CA0B3CA-D0E7-4F43-A3A0-1CB17A2ECAF3}.Debug|x64.Deploy.0 = Debug|x64
		{6CA0B3CA-D0E7-4F43-A3A0-1CB17A2ECAF3}.Debug|x86.ActiveCfg = Debug|x86
		{6CA0B3CA-D0E7-4F43-A3A0-1CB17A2ECAF3}.Debug|x86.Build.0 = Debug|x86
		{6CA0B3CA-D0E7-4F43-A3A0-1CB17A2ECAF3}.Debug|x86.Deploy.0 = Debug|x86
		{6CA0B3CA-D0E7-4F43-A3A0-1CB17A2ECAF3}.Release|Any CPU.ActiveCfg = Release|x64
		{6CA0B3CA-D0E7-4F43-A3A0-1CB17A2ECAF3}.Release|ARM.ActiveCfg = Release|ARM
		{6CA0B3CA-D0E7-4F43-A3A0-1CB17A2ECAF3}.Release|ARM.Build.0 = Release|ARM
		{6CA0B3CA-D0E7-4F43-A3A0-1CB17A2ECAF3}.Release|ARM.Deploy.0 = Release|ARM
		{6CA0B3CA-D0E7-4F43-A3A0-1CB17A2ECAF3}.Release|iPhone.ActiveCfg = Release|x64
		{6CA0B3CA-D0E7-4F43-A3A0-1CB17A2ECAF3}.Release|iPhoneSimulator.ActiveCfg = Release|x64
		{6CA0B3CA-D0E7-4F43-A3A0-1CB17A2ECAF3}.Release|x64.ActiveCfg = Release|x64
		{6CA0B3CA-D0E7-4F43-A3A0-1CB17A2ECAF3}.Release|x64.Build.0 = Release|x64
		{6CA0B3CA-D0E7-4F43-A3A0-1CB17A2ECAF3}.Release|x64.Deploy.0 = Release|x64
		{6CA0B3CA-D0E7-4F43-A3A0-1CB17A2ECAF3}.Release|x86.ActiveCfg = Release|x86
		{6CA0B3CA-D0E7-4F43-A3A0-1CB17A2ECAF3}.Release|x86.Build.0 = Release|x86
		{6CA0B3CA-D0E7-4F43-A3A0-1CB17A2ECAF3}.Release|x86.Deploy.0 = Release|x86
		{F5FB8D86-365B-4AD2-89F4-7636845DD91D}.Debug|Any CPU.ActiveCfg = Debug|Any CPU
		{F5FB8D86-365B-4AD2-89F4-7636845DD91D}.Debug|Any CPU.Build.0 = Debug|Any CPU
		{F5FB8D86-365B-4AD2-89F4-7636845DD91D}.Debug|Any CPU.Deploy.0 = Debug|Any CPU
		{F5FB8D86-365B-4AD2-89F4-7636845DD91D}.Debug|ARM.ActiveCfg = Debug|Any CPU
		{F5FB8D86-365B-4AD2-89F4-7636845DD91D}.Debug|ARM.Build.0 = Debug|Any CPU
		{F5FB8D86-365B-4AD2-89F4-7636845DD91D}.Debug|ARM.Deploy.0 = Debug|Any CPU
		{F5FB8D86-365B-4AD2-89F4-7636845DD91D}.Debug|iPhone.ActiveCfg = Debug|Any CPU
		{F5FB8D86-365B-4AD2-89F4-7636845DD91D}.Debug|iPhone.Build.0 = Debug|Any CPU
		{F5FB8D86-365B-4AD2-89F4-7636845DD91D}.Debug|iPhone.Deploy.0 = Debug|Any CPU
		{F5FB8D86-365B-4AD2-89F4-7636845DD91D}.Debug|iPhoneSimulator.ActiveCfg = Debug|Any CPU
		{F5FB8D86-365B-4AD2-89F4-7636845DD91D}.Debug|iPhoneSimulator.Build.0 = Debug|Any CPU
		{F5FB8D86-365B-4AD2-89F4-7636845DD91D}.Debug|iPhoneSimulator.Deploy.0 = Debug|Any CPU
		{F5FB8D86-365B-4AD2-89F4-7636845DD91D}.Debug|x64.ActiveCfg = Debug|Any CPU
		{F5FB8D86-365B-4AD2-89F4-7636845DD91D}.Debug|x64.Build.0 = Debug|Any CPU
		{F5FB8D86-365B-4AD2-89F4-7636845DD91D}.Debug|x64.Deploy.0 = Debug|Any CPU
		{F5FB8D86-365B-4AD2-89F4-7636845DD91D}.Debug|x86.ActiveCfg = Debug|Any CPU
		{F5FB8D86-365B-4AD2-89F4-7636845DD91D}.Debug|x86.Build.0 = Debug|Any CPU
		{F5FB8D86-365B-4AD2-89F4-7636845DD91D}.Debug|x86.Deploy.0 = Debug|Any CPU
		{F5FB8D86-365B-4AD2-89F4-7636845DD91D}.Release|Any CPU.ActiveCfg = Release|Any CPU
		{F5FB8D86-365B-4AD2-89F4-7636845DD91D}.Release|Any CPU.Build.0 = Release|Any CPU
		{F5FB8D86-365B-4AD2-89F4-7636845DD91D}.Release|Any CPU.Deploy.0 = Release|Any CPU
		{F5FB8D86-365B-4AD2-89F4-7636845DD91D}.Release|ARM.ActiveCfg = Release|Any CPU
		{F5FB8D86-365B-4AD2-89F4-7636845DD91D}.Release|ARM.Build.0 = Release|Any CPU
		{F5FB8D86-365B-4AD2-89F4-7636845DD91D}.Release|ARM.Deploy.0 = Release|Any CPU
		{F5FB8D86-365B-4AD2-89F4-7636845DD91D}.Release|iPhone.ActiveCfg = Release|Any CPU
		{F5FB8D86-365B-4AD2-89F4-7636845DD91D}.Release|iPhone.Build.0 = Release|Any CPU
		{F5FB8D86-365B-4AD2-89F4-7636845DD91D}.Release|iPhone.Deploy.0 = Release|Any CPU
		{F5FB8D86-365B-4AD2-89F4-7636845DD91D}.Release|iPhoneSimulator.ActiveCfg = Release|Any CPU
		{F5FB8D86-365B-4AD2-89F4-7636845DD91D}.Release|iPhoneSimulator.Build.0 = Release|Any CPU
		{F5FB8D86-365B-4AD2-89F4-7636845DD91D}.Release|iPhoneSimulator.Deploy.0 = Release|Any CPU
		{F5FB8D86-365B-4AD2-89F4-7636845DD91D}.Release|x64.ActiveCfg = Release|Any CPU
		{F5FB8D86-365B-4AD2-89F4-7636845DD91D}.Release|x64.Build.0 = Release|Any CPU
		{F5FB8D86-365B-4AD2-89F4-7636845DD91D}.Release|x64.Deploy.0 = Release|Any CPU
		{F5FB8D86-365B-4AD2-89F4-7636845DD91D}.Release|x86.ActiveCfg = Release|Any CPU
		{F5FB8D86-365B-4AD2-89F4-7636845DD91D}.Release|x86.Build.0 = Release|Any CPU
		{F5FB8D86-365B-4AD2-89F4-7636845DD91D}.Release|x86.Deploy.0 = Release|Any CPU
		{284E7F62-39B5-4360-9D1A-005EFAA9A29F}.Debug|Any CPU.ActiveCfg = Debug|iPhone
		{284E7F62-39B5-4360-9D1A-005EFAA9A29F}.Debug|Any CPU.Build.0 = Debug|iPhone
		{284E7F62-39B5-4360-9D1A-005EFAA9A29F}.Debug|Any CPU.Deploy.0 = Debug|iPhone
		{284E7F62-39B5-4360-9D1A-005EFAA9A29F}.Debug|ARM.ActiveCfg = Debug|iPhoneSimulator
		{284E7F62-39B5-4360-9D1A-005EFAA9A29F}.Debug|ARM.Build.0 = Debug|iPhoneSimulator
		{284E7F62-39B5-4360-9D1A-005EFAA9A29F}.Debug|ARM.Deploy.0 = Debug|iPhoneSimulator
		{284E7F62-39B5-4360-9D1A-005EFAA9A29F}.Debug|iPhone.ActiveCfg = Debug|iPhone
		{284E7F62-39B5-4360-9D1A-005EFAA9A29F}.Debug|iPhone.Build.0 = Debug|iPhone
		{284E7F62-39B5-4360-9D1A-005EFAA9A29F}.Debug|iPhone.Deploy.0 = Debug|iPhone
		{284E7F62-39B5-4360-9D1A-005EFAA9A29F}.Debug|iPhoneSimulator.ActiveCfg = Debug|iPhoneSimulator
		{284E7F62-39B5-4360-9D1A-005EFAA9A29F}.Debug|iPhoneSimulator.Build.0 = Debug|iPhoneSimulator
		{284E7F62-39B5-4360-9D1A-005EFAA9A29F}.Debug|iPhoneSimulator.Deploy.0 = Debug|iPhoneSimulator
		{284E7F62-39B5-4360-9D1A-005EFAA9A29F}.Debug|x64.ActiveCfg = Debug|iPhoneSimulator
		{284E7F62-39B5-4360-9D1A-005EFAA9A29F}.Debug|x64.Build.0 = Debug|iPhoneSimulator
		{284E7F62-39B5-4360-9D1A-005EFAA9A29F}.Debug|x64.Deploy.0 = Debug|iPhoneSimulator
		{284E7F62-39B5-4360-9D1A-005EFAA9A29F}.Debug|x86.ActiveCfg = Debug|iPhoneSimulator
		{284E7F62-39B5-4360-9D1A-005EFAA9A29F}.Debug|x86.Build.0 = Debug|iPhoneSimulator
		{284E7F62-39B5-4360-9D1A-005EFAA9A29F}.Debug|x86.Deploy.0 = Debug|iPhoneSimulator
		{284E7F62-39B5-4360-9D1A-005EFAA9A29F}.Release|Any CPU.ActiveCfg = Release|iPhoneSimulator
		{284E7F62-39B5-4360-9D1A-005EFAA9A29F}.Release|Any CPU.Build.0 = Release|iPhoneSimulator
		{284E7F62-39B5-4360-9D1A-005EFAA9A29F}.Release|Any CPU.Deploy.0 = Release|iPhoneSimulator
		{284E7F62-39B5-4360-9D1A-005EFAA9A29F}.Release|ARM.ActiveCfg = Release|iPhoneSimulator
		{284E7F62-39B5-4360-9D1A-005EFAA9A29F}.Release|ARM.Build.0 = Release|iPhoneSimulator
		{284E7F62-39B5-4360-9D1A-005EFAA9A29F}.Release|ARM.Deploy.0 = Release|iPhoneSimulator
		{284E7F62-39B5-4360-9D1A-005EFAA9A29F}.Release|iPhone.ActiveCfg = Release|iPhone
		{284E7F62-39B5-4360-9D1A-005EFAA9A29F}.Release|iPhone.Build.0 = Release|iPhone
		{284E7F62-39B5-4360-9D1A-005EFAA9A29F}.Release|iPhone.Deploy.0 = Release|iPhone
		{284E7F62-39B5-4360-9D1A-005EFAA9A29F}.Release|iPhoneSimulator.ActiveCfg = Release|iPhoneSimulator
		{284E7F62-39B5-4360-9D1A-005EFAA9A29F}.Release|iPhoneSimulator.Build.0 = Release|iPhoneSimulator
		{284E7F62-39B5-4360-9D1A-005EFAA9A29F}.Release|iPhoneSimulator.Deploy.0 = Release|iPhoneSimulator
		{284E7F62-39B5-4360-9D1A-005EFAA9A29F}.Release|x64.ActiveCfg = Release|iPhoneSimulator
		{284E7F62-39B5-4360-9D1A-005EFAA9A29F}.Release|x64.Build.0 = Release|iPhoneSimulator
		{284E7F62-39B5-4360-9D1A-005EFAA9A29F}.Release|x64.Deploy.0 = Release|iPhoneSimulator
		{284E7F62-39B5-4360-9D1A-005EFAA9A29F}.Release|x86.ActiveCfg = Release|iPhoneSimulator
		{284E7F62-39B5-4360-9D1A-005EFAA9A29F}.Release|x86.Build.0 = Release|iPhoneSimulator
		{284E7F62-39B5-4360-9D1A-005EFAA9A29F}.Release|x86.Deploy.0 = Release|iPhoneSimulator
		{CF712CC5-0A9C-48BC-9CB1-196902046B9D}.Debug|Any CPU.ActiveCfg = Debug|Any CPU
		{CF712CC5-0A9C-48BC-9CB1-196902046B9D}.Debug|Any CPU.Build.0 = Debug|Any CPU
		{CF712CC5-0A9C-48BC-9CB1-196902046B9D}.Debug|Any CPU.Deploy.0 = Debug|Any CPU
		{CF712CC5-0A9C-48BC-9CB1-196902046B9D}.Debug|ARM.ActiveCfg = Debug|Any CPU
		{CF712CC5-0A9C-48BC-9CB1-196902046B9D}.Debug|ARM.Build.0 = Debug|Any CPU
		{CF712CC5-0A9C-48BC-9CB1-196902046B9D}.Debug|ARM.Deploy.0 = Debug|Any CPU
		{CF712CC5-0A9C-48BC-9CB1-196902046B9D}.Debug|iPhone.ActiveCfg = Debug|Any CPU
		{CF712CC5-0A9C-48BC-9CB1-196902046B9D}.Debug|iPhone.Build.0 = Debug|Any CPU
		{CF712CC5-0A9C-48BC-9CB1-196902046B9D}.Debug|iPhone.Deploy.0 = Debug|Any CPU
		{CF712CC5-0A9C-48BC-9CB1-196902046B9D}.Debug|iPhoneSimulator.ActiveCfg = Debug|Any CPU
		{CF712CC5-0A9C-48BC-9CB1-196902046B9D}.Debug|iPhoneSimulator.Build.0 = Debug|Any CPU
		{CF712CC5-0A9C-48BC-9CB1-196902046B9D}.Debug|iPhoneSimulator.Deploy.0 = Debug|Any CPU
		{CF712CC5-0A9C-48BC-9CB1-196902046B9D}.Debug|x64.ActiveCfg = Debug|Any CPU
		{CF712CC5-0A9C-48BC-9CB1-196902046B9D}.Debug|x64.Build.0 = Debug|Any CPU
		{CF712CC5-0A9C-48BC-9CB1-196902046B9D}.Debug|x64.Deploy.0 = Debug|Any CPU
		{CF712CC5-0A9C-48BC-9CB1-196902046B9D}.Debug|x86.ActiveCfg = Debug|Any CPU
		{CF712CC5-0A9C-48BC-9CB1-196902046B9D}.Debug|x86.Build.0 = Debug|Any CPU
		{CF712CC5-0A9C-48BC-9CB1-196902046B9D}.Debug|x86.Deploy.0 = Debug|Any CPU
		{CF712CC5-0A9C-48BC-9CB1-196902046B9D}.Release|Any CPU.ActiveCfg = Release|Any CPU
		{CF712CC5-0A9C-48BC-9CB1-196902046B9D}.Release|Any CPU.Build.0 = Release|Any CPU
		{CF712CC5-0A9C-48BC-9CB1-196902046B9D}.Release|Any CPU.Deploy.0 = Release|Any CPU
		{CF712CC5-0A9C-48BC-9CB1-196902046B9D}.Release|ARM.ActiveCfg = Release|Any CPU
		{CF712CC5-0A9C-48BC-9CB1-196902046B9D}.Release|ARM.Build.0 = Release|Any CPU
		{CF712CC5-0A9C-48BC-9CB1-196902046B9D}.Release|ARM.Deploy.0 = Release|Any CPU
		{CF712CC5-0A9C-48BC-9CB1-196902046B9D}.Release|iPhone.ActiveCfg = Release|Any CPU
		{CF712CC5-0A9C-48BC-9CB1-196902046B9D}.Release|iPhone.Build.0 = Release|Any CPU
		{CF712CC5-0A9C-48BC-9CB1-196902046B9D}.Release|iPhone.Deploy.0 = Release|Any CPU
		{CF712CC5-0A9C-48BC-9CB1-196902046B9D}.Release|iPhoneSimulator.ActiveCfg = Release|Any CPU
		{CF712CC5-0A9C-48BC-9CB1-196902046B9D}.Release|iPhoneSimulator.Build.0 = Release|Any CPU
		{CF712CC5-0A9C-48BC-9CB1-196902046B9D}.Release|iPhoneSimulator.Deploy.0 = Release|Any CPU
		{CF712CC5-0A9C-48BC-9CB1-196902046B9D}.Release|x64.ActiveCfg = Release|Any CPU
		{CF712CC5-0A9C-48BC-9CB1-196902046B9D}.Release|x64.Build.0 = Release|Any CPU
		{CF712CC5-0A9C-48BC-9CB1-196902046B9D}.Release|x64.Deploy.0 = Release|Any CPU
		{CF712CC5-0A9C-48BC-9CB1-196902046B9D}.Release|x86.ActiveCfg = Release|Any CPU
		{CF712CC5-0A9C-48BC-9CB1-196902046B9D}.Release|x86.Build.0 = Release|Any CPU
		{CF712CC5-0A9C-48BC-9CB1-196902046B9D}.Release|x86.Deploy.0 = Release|Any CPU
	EndGlobalSection
	GlobalSection(SolutionProperties) = preSolution
		HideSolutionNode = FALSE
	EndGlobalSection
	GlobalSection(ExtensibilityGlobals) = postSolution
		SolutionGuid = {79EA5654-4602-4770-B390-BB843472CB23}
	EndGlobalSection
EndGlobal
